# THIS IS AN AUTOGENERATED FILE. DO NOT EDIT THIS FILE DIRECTLY.
# yarn lockfile v1


"@remato/prettier-config@git+ssh://git@github.com/rematocorp/prettier-config.git#master":
  version "1.0.0"
  resolved "git+ssh://git@github.com/rematocorp/prettier-config.git#f4c3638375c22430274a50ec593aa7a267a35f3a"
