# THIS IS AN AUTOGENERATED FILE. DO NOT EDIT THIS FILE DIRECTLY.
# yarn lockfile v1


"@remato/prettier-config@git+ssh://git@github.com/rematocorp/prettier-config.git#master":
  version "1.0.0"
  resolved "git+ssh://git@github.com/rematocorp/prettier-config.git#f4c3638375c22430274a50ec593aa7a267a35f3a"

css-color-names@0.0.4:
  version "0.0.4"
  resolved "https://registry.yarnpkg.com/css-color-names/-/css-color-names-0.0.4.tgz#808adc2e79cf84738069b646cb20ec27beb629e0"
  integrity sha1-gIrcLnnPhHOAabZGyyDsJ762KeA=

css-shorthand-properties@^1.0.0:
  version "1.1.1"
  resolved "https://registry.yarnpkg.com/css-shorthand-properties/-/css-shorthand-properties-1.1.1.tgz#1c808e63553c283f289f2dd56fcee8f3337bd935"
  integrity sha512-Md+Juc7M3uOdbAFwOYlTrccIZ7oCFuzrhKYQjdeUEW/sE1hv17Jp/Bws+ReOPpGVBTYCBoYo+G17V5Qo8QQ75A==

css-values@^0.1.0:
  version "0.1.0"
  resolved "https://registry.yarnpkg.com/css-values/-/css-values-0.1.0.tgz#128b7ce103d4dc027a814a5d5995c54781d7b4c6"
  integrity sha1-Eot84QPU3AJ6gUpdWZXFR4HXtMY=
  dependencies:
    css-color-names "0.0.4"
    ends-with "^0.2.0"
    postcss-value-parser "^3.3.0"

cssesc@^3.0.0:
  version "3.0.0"
  resolved "https://registry.yarnpkg.com/cssesc/-/cssesc-3.0.0.tgz#37741919903b868565e1c09ea747445cd18983ee"
  integrity sha512-/Tb/JcjK111nNScGob5MNtsntNM1aCNUDipB/TkwZFhyDrrE47SOx/18wF2bbjgc3ZzCSKW1T5nt5EbFoAz/Vg==

ends-with@^0.2.0:
  version "0.2.0"
  resolved "https://registry.yarnpkg.com/ends-with/-/ends-with-0.2.0.tgz#2f9da98d57a50cfda4571ce4339000500f4e6b8a"
  integrity sha1-L52pjVelDP2kVxzkM5AAUA9Oa4o=

postcss-media-query-parser@^0.2.3:
  version "0.2.3"
  resolved "https://registry.yarnpkg.com/postcss-media-query-parser/-/postcss-media-query-parser-0.2.3.tgz#27b39c6f4d94f81b1a73b8f76351c609e5cef244"
  integrity sha1-J7Ocb02U+Bsac7j3Y1HGCeXO8kQ=

postcss-resolve-nested-selector@^0.1.1:
  version "0.1.1"
  resolved "https://registry.yarnpkg.com/postcss-resolve-nested-selector/-/postcss-resolve-nested-selector-0.1.1.tgz#29ccbc7c37dedfac304e9fff0bf1596b3f6a0e4e"
  integrity sha1-Kcy8fDfe36wwTp//C/FZaz9qDk4=

postcss-selector-parser@^6.0.11:
  version "6.0.11"
  resolved "https://registry.yarnpkg.com/postcss-selector-parser/-/postcss-selector-parser-6.0.11.tgz#2e41dc39b7ad74046e1615185185cd0b17d0c8dc"
  integrity sha512-zbARubNdogI9j7WY4nQJBiNqQf3sLS3wCP4WfOidu+p28LofJqDH1tcXypGrcmMHhDk2t9wGhCsYe/+szLTy1g==
  dependencies:
    cssesc "^3.0.0"
    util-deprecate "^1.0.2"

postcss-value-parser@^3.3.0:
  version "3.3.1"
  resolved "https://registry.yarnpkg.com/postcss-value-parser/-/postcss-value-parser-3.3.1.tgz#9ff822547e2893213cf1c30efa51ac5fd1ba8281"
  integrity sha512-pISE66AbVkp4fDQ7VHBwRNXzAAKJjw4Vw7nWI/+Q3vuly7SNfgYXvm6i5IgFylHGK5sP/xHAbB7N49OS4gWNyQ==

postcss-value-parser@^4.2.0:
  version "4.2.0"
  resolved "https://registry.yarnpkg.com/postcss-value-parser/-/postcss-value-parser-4.2.0.tgz#723c09920836ba6d3e5af019f92bc0971c02e514"
  integrity sha512-1NNCs6uurfkVbeXG4S8JFT9t19m45ICnif8zWLd5oPSZ50QnwMfK+H3jv408d4jw/7Bttv5axS5IiHoLaVNHeQ==

shortcss@^0.1.3:
  version "0.1.3"
  resolved "https://registry.yarnpkg.com/shortcss/-/shortcss-0.1.3.tgz#ee2a7904d80b7f5502c98408f4a2f313faadfb48"
  integrity sha1-7ip5BNgLf1UCyYQI9KLzE/qt+0g=
  dependencies:
    css-shorthand-properties "^1.0.0"

stylelint-declaration-strict-value@^1.9.2:
  version "1.9.2"
  resolved "https://registry.yarnpkg.com/stylelint-declaration-strict-value/-/stylelint-declaration-strict-value-1.9.2.tgz#f2a884c669974a73f82c9f24b05beb81bc337480"
  integrity sha512-Z/2yr7g4tq2iGOUWhZLzHL2g2GJYJGcPkfjDh++zI8ukLxW0tcLGJjo64XYCDjja6YcECPDUWbpN+OAoAtAYvw==
  dependencies:
    css-values "^0.1.0"
    shortcss "^0.1.3"

stylelint-scss@^5.0.0:
  version "5.0.0"
  resolved "https://registry.yarnpkg.com/stylelint-scss/-/stylelint-scss-5.0.0.tgz#2ec6323bac8003fa64871f3fbb75108270e99b83"
  integrity sha512-5Ee5kG3JIcP2jk2PMoFMiNmW/815V+wK5o37X5ke90ihWMpPXI9iyqeA6zEWipWSRXeQc0kqbd7hKqiR+wPKNA==
  dependencies:
    postcss-media-query-parser "^0.2.3"
    postcss-resolve-nested-selector "^0.1.1"
    postcss-selector-parser "^6.0.11"
    postcss-value-parser "^4.2.0"

util-deprecate@^1.0.2:
  version "1.0.2"
  resolved "https://registry.yarnpkg.com/util-deprecate/-/util-deprecate-1.0.2.tgz#450d4dc9fa70de732762fbd2d4a28981419a0ccf"
  integrity sha1-RQ1Nyfpw3nMnYvvS1KKJgUGaDM8=
